// !$*UTF8*$!
{
	archiveVersion = 1;
	classes = {
	};
	objectVersion = 50;
	objects = {

/* Begin PBXBuildFile section */
		2B9DF968BACC7441A7B40EE3 /* Pods_CocoapodsExampleCLTypingLabel9_10.framework in Frameworks */ = {isa = PBXBuildFile; fileRef = 24364A28BBA002CDCC866C9D /* Pods_CocoapodsExampleCLTypingLabel9_10.framework */; };
		6CA48D73257FCE3300C269E4 /* AppDelegate.swift in Sources */ = {isa = PBXBuildFile; fileRef = 6CA48D72257FCE3300C269E4 /* AppDelegate.swift */; };
		6CA48D75257FCE3300C269E4 /* SceneDelegate.swift in Sources */ = {isa = PBXBuildFile; fileRef = 6CA48D74257FCE3300C269E4 /* SceneDelegate.swift */; };
		6CA48D77257FCE3300C269E4 /* ViewController.swift in Sources */ = {isa = PBXBuildFile; fileRef = 6CA48D76257FCE3300C269E4 /* ViewController.swift */; };
		6CA48D7A257FCE3300C269E4 /* Main.storyboard in Resources */ = {isa = PBXBuildFile; fileRef = 6CA48D78257FCE3300C269E4 /* Main.storyboard */; };
		6CA48D7C257FCE3600C269E4 /* Assets.xcassets in Resources */ = {isa = PBXBuildFile; fileRef = 6CA48D7B257FCE3600C269E4 /* Assets.xcassets */; };
		6CA48D7F257FCE3600C269E4 /* LaunchScreen.storyboard in Resources */ = {isa = PBXBuildFile; fileRef = 6CA48D7D257FCE3600C269E4 /* LaunchScreen.storyboard */; };
/* End PBXBuildFile section */

/* Begin PBXFileReference section */
		24364A28BBA002CDCC866C9D /* Pods_CocoapodsExampleCLTypingLabel9_10.framework */ = {isa = PBXFileReference; explicitFileType = wrapper.framework; includeInIndex = 0; path = Pods_CocoapodsExampleCLTypingLabel9_10.framework; sourceTree = BUILT_PRODUCTS_DIR; };
		6CA48D6F257FCE3300C269E4 /* CocoapodsExampleCLTypingLabel9-10.app */ = {isa = PBXFileReference; explicitFileType = wrapper.application; includeInIndex = 0; path = "CocoapodsExampleCLTypingLabel9-10.app"; sourceTree = BUILT_PRODUCTS_DIR; };
		6CA48D72257FCE3300C269E4 /* AppDelegate.swift */ = {isa = PBXFileReference; lastKnownFileType = sourcecode.swift; path = AppDelegate.swift; sourceTree = "<group>"; };
		6CA48D74257FCE3300C269E4 /* SceneDelegate.swift */ = {isa = PBXFileReference; lastKnownFileType = sourcecode.swift; path = SceneDelegate.swift; sourceTree = "<group>"; };
		6CA48D76257FCE3300C269E4 /* ViewController.swift */ = {isa = PBXFileReference; lastKnownFileType = sourcecode.swift; path = ViewController.swift; sourceTree = "<group>"; };
		6CA48D79257FCE3300C269E4 /* Base */ = {isa = PBXFileReference; lastKnownFileType = file.storyboard; name = Base; path = Base.lproj/Main.storyboard; sourceTree = "<group>"; };
		6CA48D7B257FCE3600C269E4 /* Assets.xcassets */ = {isa = PBXFileReference; lastKnownFileType = folder.assetcatalog; path = Assets.xcassets; sourceTree = "<group>"; };
		6CA48D7E257FCE3600C269E4 /* Base */ = {isa = PBXFileReference; lastKnownFileType = file.storyboard; name = Base; path = Base.lproj/LaunchScreen.storyboard; sourceTree = "<group>"; };
		6CA48D80257FCE3600C269E4 /* Info.plist */ = {isa = PBXFileReference; lastKnownFileType = text.plist.xml; path = Info.plist; sourceTree = "<group>"; };
		9A578E7E35634B35943B57F7 /* Pods-CocoapodsExampleCLTypingLabel9-10.debug.xcconfig */ = {isa = PBXFileReference; includeInIndex = 1; lastKnownFileType = text.xcconfig; name = "Pods-CocoapodsExampleCLTypingLabel9-10.debug.xcconfig"; path = "Target Support Files/Pods-CocoapodsExampleCLTypingLabel9-10/Pods-CocoapodsExampleCLTypingLabel9-10.debug.xcconfig"; sourceTree = "<group>"; };
		B7C6DCDB69F0D1CB829756A0 /* Pods-CocoapodsExampleCLTypingLabel9-10.release.xcconfig */ = {isa = PBXFileReference; includeInIndex = 1; lastKnownFileType = text.xcconfig; name = "Pods-CocoapodsExampleCLTypingLabel9-10.release.xcconfig"; path = "Target Support Files/Pods-CocoapodsExampleCLTypingLabel9-10/Pods-CocoapodsExampleCLTypingLabel9-10.release.xcconfig"; sourceTree = "<group>"; };
/* End PBXFileReference section */

/* Begin PBXFrameworksBuildPhase section */
		6CA48D6C257FCE3300C269E4 /* Frameworks */ = {
			isa = PBXFrameworksBuildPhase;
			buildActionMask = 2147483647;
			files = (
				2B9DF968BACC7441A7B40EE3 /* Pods_CocoapodsExampleCLTypingLabel9_10.framework in Frameworks */,
			);
			runOnlyForDeploymentPostprocessing = 0;
		};
/* End PBXFrameworksBuildPhase section */

/* Begin PBXGroup section */
		2E24991A7A31480E8D2BC30A /* Frameworks */ = {
			isa = PBXGroup;
			children = (
				24364A28BBA002CDCC866C9D /* Pods_CocoapodsExampleCLTypingLabel9_10.framework */,
			);
			name = Frameworks;
			sourceTree = "<group>";
		};
		6CA48D66257FCE3300C269E4 = {
			isa = PBXGroup;
			children = (
				6CA48D71257FCE3300C269E4 /* CocoapodsExampleCLTypingLabel9-10 */,
				6CA48D70257FCE3300C269E4 /* Products */,
				941164DA01F86378354A48D8 /* Pods */,
				2E24991A7A31480E8D2BC30A /* Frameworks */,
			);
			sourceTree = "<group>";
		};
		6CA48D70257FCE3300C269E4 /* Products */ = {
			isa = PBXGroup;
			children = (
				6CA48D6F257FCE3300C269E4 /* CocoapodsExampleCLTypingLabel9-10.app */,
			);
			name = Products;
			sourceTree = "<group>";
		};
		6CA48D71257FCE3300C269E4 /* CocoapodsExampleCLTypingLabel9-10 */ = {
			isa = PBXGroup;
			children = (
				6CA48D72257FCE3300C269E4 /* AppDelegate.swift */,
				6CA48D74257FCE3300C269E4 /* SceneDelegate.swift */,
				6CA48D76257FCE3300C269E4 /* ViewController.swift */,
				6CA48D78257FCE3300C269E4 /* Main.storyboard */,
				6CA48D7B257FCE3600C269E4 /* Assets.xcassets */,
				6CA48D7D257FCE3600C269E4 /* LaunchScreen.storyboard */,
				6CA48D80257FCE3600C269E4 /* Info.plist */,
			);
			path = "CocoapodsExampleCLTypingLabel9-10";
			sourceTree = "<group>";
		};
		941164DA01F86378354A48D8 /* Pods */ = {
			isa = PBXGroup;
			children = (
				9A578E7E35634B35943B57F7 /* Pods-CocoapodsExampleCLTypingLabel9-10.debug.xcconfig */,
				B7C6DCDB69F0D1CB829756A0 /* Pods-CocoapodsExampleCLTypingLabel9-10.release.xcconfig */,
			);
			name = Pods;
			path = Pods;
			sourceTree = "<group>";
		};
/* End PBXGroup section */

/* Begin PBXNativeTarget section */
		6CA48D6E257FCE3300C269E4 /* CocoapodsExampleCLTypingLabel9-10 */ = {
			isa = PBXNativeTarget;
			buildConfigurationList = 6CA48D83257FCE3600C269E4 /* Build configuration list for PBXNativeTarget "CocoapodsExampleCLTypingLabel9-10" */;
			buildPhases = (
				2E8A99B1380FB25DF0E03DA4 /* [CP] Check Pods Manifest.lock */,
				6CA48D6B257FCE3300C269E4 /* Sources */,
				6CA48D6C257FCE3300C269E4 /* Frameworks */,
				6CA48D6D257FCE3300C269E4 /* Resources */,
				E1CB1544504DBF89AF5543F4 /* [CP] Embed Pods Frameworks */,
			);
			buildRules = (
			);
			dependencies = (
			);
			name = "CocoapodsExampleCLTypingLabel9-10";
			productName = "CocoapodsExampleCLTypingLabel9-10";
			productReference = 6CA48D6F257FCE3300C269E4 /* CocoapodsExampleCLTypingLabel9-10.app */;
			productType = "com.apple.product-type.application";
		};
/* End PBXNativeTarget section */

/* Begin PBXProject section */
		6CA48D67257FCE3300C269E4 /* Project object */ = {
			isa = PBXProject;
			attributes = {
				LastSwiftUpdateCheck = 1220;
				LastUpgradeCheck = 1220;
				TargetAttributes = {
					6CA48D6E257FCE3300C269E4 = {
						CreatedOnToolsVersion = 12.2;
					};
				};
			};
			buildConfigurationList = 6CA48D6A257FCE3300C269E4 /* Build configuration list for PBXProject "CocoapodsExampleCLTypingLabel9-10" */;
			compatibilityVersion = "Xcode 9.3";
			developmentRegion = en;
			hasScannedForEncodings = 0;
			knownRegions = (
				en,
				Base,
			);
			mainGroup = 6CA48D66257FCE3300C269E4;
			productRefGroup = 6CA48D70257FCE3300C269E4 /* Products */;
			projectDirPath = "";
			projectRoot = "";
			targets = (
				6CA48D6E257FCE3300C269E4 /* CocoapodsExampleCLTypingLabel9-10 */,
			);
		};
/* End PBXProject section */

/* Begin PBXResourcesBuildPhase section */
		6CA48D6D257FCE3300C269E4 /* Resources */ = {
			isa = PBXResourcesBuildPhase;
			buildActionMask = 2147483647;
			files = (
				6CA48D7F257FCE3600C269E4 /* LaunchScreen.storyboard in Resources */,
				6CA48D7C257FCE3600C269E4 /* Assets.xcassets in Resources */,
				6CA48D7A257FCE3300C269E4 /* Main.storyboard in Resources */,
			);
			runOnlyForDeploymentPostprocessing = 0;
		};
/* End PBXResourcesBuildPhase section */

/* Begin PBXShellScriptBuildPhase section */
		2E8A99B1380FB25DF0E03DA4 /* [CP] Check Pods Manifest.lock */ = {
			isa = PBXShellScriptBuildPhase;
			buildActionMask = 2147483647;
			files = (
			);
			inputFileListPaths = (
			);
			inputPaths = (
				"${PODS_PODFILE_DIR_PATH}/Podfile.lock",
				"${PODS_ROOT}/Manifest.lock",
			);
			name = "[CP] Check Pods Manifest.lock";
			outputFileListPaths = (
			);
			outputPaths = (
				"$(DERIVED_FILE_DIR)/Pods-CocoapodsExampleCLTypingLabel9-10-checkManifestLockResult.txt",
			);
			runOnlyForDeploymentPostprocessing = 0;
			shellPath = /bin/sh;
			shellScript = "diff \"${PODS_PODFILE_DIR_PATH}/Podfile.lock\" \"${PODS_ROOT}/Manifest.lock\" > /dev/null\nif [ $? != 0 ] ; then\n    # print error to STDERR\n    echo \"error: The sandbox is not in sync with the Podfile.lock. Run 'pod install' or update your CocoaPods installation.\" >&2\n    exit 1\nfi\n# This output is used by Xcode 'outputs' to avoid re-running this script phase.\necho \"SUCCESS\" > \"${SCRIPT_OUTPUT_FILE_0}\"\n";
			showEnvVarsInLog = 0;
		};
		E1CB1544504DBF89AF5543F4 /* [CP] Embed Pods Frameworks */ = {
			isa = PBXShellScriptBuildPhase;
			buildActionMask = 2147483647;
			files = (
			);
			inputFileListPaths = (
				"${PODS_ROOT}/Target Support Files/Pods-CocoapodsExampleCLTypingLabel9-10/Pods-CocoapodsExampleCLTypingLabel9-10-frameworks-${CONFIGURATION}-input-files.xcfilelist",
			);
			name = "[CP] Embed Pods Frameworks";
			outputFileListPaths = (
				"${PODS_ROOT}/Target Support Files/Pods-CocoapodsExampleCLTypingLabel9-10/Pods-CocoapodsExampleCLTypingLabel9-10-frameworks-${CONFIGURATION}-output-files.xcfilelist",
			);
			runOnlyForDeploymentPostprocessing = 0;
			shellPath = /bin/sh;
			shellScript = "\"${PODS_ROOT}/Target Support Files/Pods-CocoapodsExampleCLTypingLabel9-10/Pods-CocoapodsExampleCLTypingLabel9-10-frameworks.sh\"\n";
			showEnvVarsInLog = 0;
		};
/* End PBXShellScriptBuildPhase section */

/* Begin PBXSourcesBuildPhase section */
		6CA48D6B257FCE3300C269E4 /* Sources */ = {
			isa = PBXSourcesBuildPhase;
			buildActionMask = 2147483647;
			files = (
				6CA48D77257FCE3300C269E4 /* ViewController.swift in Sources */,
				6CA48D73257FCE3300C269E4 /* AppDelegate.swift in Sources */,
				6CA48D75257FCE3300C269E4 /* SceneDelegate.swift in Sources */,
			);
			runOnlyForDeploymentPostprocessing = 0;
		};
/* End PBXSourcesBuildPhase section */

/* Begin PBXVariantGroup section */
		6CA48D78257FCE3300C269E4 /* Main.storyboard */ = {
			isa = PBXVariantGroup;
			children = (
				6CA48D79257FCE3300C269E4 /* Base */,
			);
			name = Main.storyboard;
			sourceTree = "<group>";
		};
		6CA48D7D257FCE3600C269E4 /* LaunchScreen.storyboard */ = {
			isa = PBXVariantGroup;
			children = (
				6CA48D7E257FCE3600C269E4 /* Base */,
			);
			name = LaunchScreen.storyboard;
			sourceTree = "<group>";
		};
/* End PBXVariantGroup section */

/* Begin XCBuildConfiguration section */
		6CA48D81257FCE3600C269E4 /* Debug */ = {
			isa = XCBuildConfiguration;
			buildSettings = {
				ALWAYS_SEARCH_USER_PATHS = NO;
				CLANG_ANALYZER_NONNULL = YES;
				CLANG_ANALYZER_NUMBER_OBJECT_CONVERSION = YES_AGGRESSIVE;
				CLANG_CXX_LANGUAGE_STANDARD = "gnu++14";
				CLANG_CXX_LIBRARY = "libc++";
				CLANG_ENABLE_MODULES = YES;
				CLANG_ENABLE_OBJC_ARC = YES;
				CLANG_ENABLE_OBJC_WEAK = YES;
				CLANG_WARN_BLOCK_CAPTURE_AUTORELEASING = YES;
				CLANG_WARN_BOOL_CONVERSION = YES;
				CLANG_WARN_COMMA = YES;
				CLANG_WARN_CONSTANT_CONVERSION = YES;
				CLANG_WARN_DEPRECATED_OBJC_IMPLEMENTATIONS = YES;
				CLANG_WARN_DIRECT_OBJC_ISA_USAGE = YES_ERROR;
				CLANG_WARN_DOCUMENTATION_COMMENTS = YES;
				CLANG_WARN_EMPTY_BODY = YES;
				CLANG_WARN_ENUM_CONVERSION = YES;
				CLANG_WARN_INFINITE_RECURSION = YES;
				CLANG_WARN_INT_CONVERSION = YES;
				CLANG_WARN_NON_LITERAL_NULL_CONVERSION = YES;
				CLANG_WARN_OBJC_IMPLICIT_RETAIN_SELF = YES;
				CLANG_WARN_OBJC_LITERAL_CONVERSION = YES;
				CLANG_WARN_OBJC_ROOT_CLASS = YES_ERROR;
				CLANG_WARN_QUOTED_INCLUDE_IN_FRAMEWORK_HEADER = YES;
				CLANG_WARN_RANGE_LOOP_ANALYSIS = YES;
				CLANG_WARN_STRICT_PROTOTYPES = YES;
				CLANG_WARN_SUSPICIOUS_MOVE = YES;
				CLANG_WARN_UNGUARDED_AVAILABILITY = YES_AGGRESSIVE;
				CLANG_WARN_UNREACHABLE_CODE = YES;
				CLANG_WARN__DUPLICATE_METHOD_MATCH = YES;
				COPY_PHASE_STRIP = NO;
				DEBUG_INFORMATION_FORMAT = dwarf;
				ENABLE_STRICT_OBJC_MSGSEND = YES;
				ENABLE_TESTABILITY = YES;
				GCC_C_LANGUAGE_STANDARD = gnu11;
				GCC_DYNAMIC_NO_PIC = NO;
				GCC_NO_COMMON_BLOCKS = YES;
				GCC_OPTIMIZATION_LEVEL = 0;
				GCC_PREPROCESSOR_DEFINITIONS = (
					"DEBUG=1",
					"$(inherited)",
				);
				GCC_WARN_64_TO_32_BIT_CONVERSION = YES;
				GCC_WARN_ABOUT_RETURN_TYPE = YES_ERROR;
				GCC_WARN_UNDECLARED_SELECTOR = YES;
				GCC_WARN_UNINITIALIZED_AUTOS = YES_AGGRESSIVE;
				GCC_WARN_UNUSED_FUNCTION = YES;
				GCC_WARN_UNUSED_VARIABLE = YES;
				IPHONEOS_DEPLOYMENT_TARGET = 14.2;
				MTL_ENABLE_DEBUG_INFO = INCLUDE_SOURCE;
				MTL_FAST_MATH = YES;
				ONLY_ACTIVE_ARCH = YES;
				SDKROOT = iphoneos;
				SWIFT_ACTIVE_COMPILATION_CONDITIONS = DEBUG;
				SWIFT_OPTIMIZATION_LEVEL = "-Onone";
			};
			name = Debug;
		};
		6CA48D82257FCE3600C269E4 /* Release */ = {
			isa = XCBuildConfiguration;
			buildSettings = {
				ALWAYS_SEARCH_USER_PATHS = NO;
				CLANG_ANALYZER_NONNULL = YES;
				CLANG_ANALYZER_NUMBER_OBJECT_CONVERSION = YES_AGGRESSIVE;
				CLANG_CXX_LANGUAGE_STANDARD = "gnu++14";
				CLANG_CXX_LIBRARY = "libc++";
				CLANG_ENABLE_MODULES = YES;
				CLANG_ENABLE_OBJC_ARC = YES;
				CLANG_ENABLE_OBJC_WEAK = YES;
				CLANG_WARN_BLOCK_CAPTURE_AUTORELEASING = YES;
				CLANG_WARN_BOOL_CONVERSION = YES;
				CLANG_WARN_COMMA = YES;
				CLANG_WARN_CONSTANT_CONVERSION = YES;
				CLANG_WARN_DEPRECATED_OBJC_IMPLEMENTATIONS = YES;
				CLANG_WARN_DIRECT_OBJC_ISA_USAGE = YES_ERROR;
				CLANG_WARN_DOCUMENTATION_COMMENTS = YES;
				CLANG_WARN_EMPTY_BODY = YES;
				CLANG_WARN_ENUM_CONVERSION = YES;
				CLANG_WARN_INFINITE_RECURSION = YES;
				CLANG_WARN_INT_CONVERSION = YES;
				CLANG_WARN_NON_LITERAL_NULL_CONVERSION = YES;
				CLANG_WARN_OBJC_IMPLICIT_RETAIN_SELF = YES;
				CLANG_WARN_OBJC_LITERAL_CONVERSION = YES;
				CLANG_WARN_OBJC_ROOT_CLASS = YES_ERROR;
				CLANG_WARN_QUOTED_INCLUDE_IN_FRAMEWORK_HEADER = YES;
				CLANG_WARN_RANGE_LOOP_ANALYSIS = YES;
				CLANG_WARN_STRICT_PROTOTYPES = YES;
				CLANG_WARN_SUSPICIOUS_MOVE = YES;
				CLANG_WARN_UNGUARDED_AVAILABILITY = YES_AGGRESSIVE;
				CLANG_WARN_UNREACHABLE_CODE = YES;
				CLANG_WARN__DUPLICATE_METHOD_MATCH = YES;
				COPY_PHASE_STRIP = NO;
				DEBUG_INFORMATION_FORMAT = "dwarf-with-dsym";
				ENABLE_NS_ASSERTIONS = NO;
				ENABLE_STRICT_OBJC_MSGSEND = YES;
				GCC_C_LANGUAGE_STANDARD = gnu11;
				GCC_NO_COMMON_BLOCKS = YES;
				GCC_WARN_64_TO_32_BIT_CONVERSION = YES;
				GCC_WARN_ABOUT_RETURN_TYPE = YES_ERROR;
				GCC_WARN_UNDECLARED_SELECTOR = YES;
				GCC_WARN_UNINITIALIZED_AUTOS = YES_AGGRESSIVE;
				GCC_WARN_UNUSED_FUNCTION = YES;
				GCC_WARN_UNUSED_VARIABLE = YES;
				IPHONEOS_DEPLOYMENT_TARGET = 14.2;
				MTL_ENABLE_DEBUG_INFO = NO;
				MTL_FAST_MATH = YES;
				SDKROOT = iphoneos;
				SWIFT_COMPILATION_MODE = wholemodule;
				SWIFT_OPTIMIZATION_LEVEL = "-O";
				VALIDATE_PRODUCT = YES;
			};
			name = Release;
		};
		6CA48D84257FCE3600C269E4 /* Debug */ = {
			isa = XCBuildConfiguration;
			baseConfigurationReference = 9A578E7E35634B35943B57F7 /* Pods-CocoapodsExampleCLTypingLabel9-10.debug.xcconfig */;
			buildSettings = {
				ASSETCATALOG_COMPILER_APPICON_NAME = AppIcon;
				ASSETCATALOG_COMPILER_GLOBAL_ACCENT_COLOR_NAME = AccentColor;
				CODE_SIGN_STYLE = Automatic;
				INFOPLIST_FILE = "CocoapodsExampleCLTypingLabel9-10/Info.plist";
				LD_RUNPATH_SEARCH_PATHS = (
					"$(inherited)",
					"@executable_path/Frameworks",
				);
				PRODUCT_BUNDLE_IDENTIFIER = "com.MarcoAlonso.CocoapodsExampleCLTypingLabel9-10";
				PRODUCT_NAME = "$(TARGET_NAME)";
				SWIFT_VERSION = 5.0;
				TARGETED_DEVICE_FAMILY = "1,2";
			};
			name = Debug;
		};
		6CA48D85257FCE3600C269E4 /* Release */ = {
			isa = XCBuildConfiguration;
			baseConfigurationReference = B7C6DCDB69F0D1CB829756A0 /* Pods-CocoapodsExampleCLTypingLabel9-10.release.xcconfig */;
			buildSettings = {
				ASSETCATALOG_COMPILER_APPICON_NAME = AppIcon;
				ASSETCATALOG_COMPILER_GLOBAL_ACCENT_COLOR_NAME = AccentColor;
				CODE_SIGN_STYLE = Automatic;
				INFOPLIST_FILE = "CocoapodsExampleCLTypingLabel9-10/Info.plist";
				LD_RUNPATH_SEARCH_PATHS = (
					"$(inherited)",
					"@executable_path/Frameworks",
				);
				PRODUCT_BUNDLE_IDENTIFIER = "com.MarcoAlonso.CocoapodsExampleCLTypingLabel9-10";
				PRODUCT_NAME = "$(TARGET_NAME)";
				SWIFT_VERSION = 5.0;
				TARGETED_DEVICE_FAMILY = "1,2";
			};
			name = Release;
		};
/* End XCBuildConfiguration section */

/* Begin XCConfigurationList section */
		6CA48D6A257FCE3300C269E4 /* Build configuration list for PBXProject "CocoapodsExampleCLTypingLabel9-10" */ = {
			isa = XCConfigurationList;
			buildConfigurations = (
				6CA48D81257FCE3600C269E4 /* Debug */,
				6CA48D82257FCE3600C269E4 /* Release */,
			);
			defaultConfigurationIsVisible = 0;
			defaultConfigurationName = Release;
		};
		6CA48D83257FCE3600C269E4 /* Build configuration list for PBXNativeTarget "CocoapodsExampleCLTypingLabel9-10" */ = {
			isa = XCConfigurationList;
			buildConfigurations = (
				6CA48D84257FCE3600C269E4 /* Debug */,
				6CA48D85257FCE3600C269E4 /* Release */,
			);
			defaultConfigurationIsVisible = 0;
			defaultConfigurationName = Release;
		};
/* End XCConfigurationList section */
	};
	rootObject = 6CA48D67257FCE3300C269E4 /* Project object */;
}
